
Microsoft Visual Studio Solution File, Format Version 12.00
# Visual Studio Version 16
VisualStudioVersion = 16.0.29519.161
MinimumVisualStudioVersion = 10.0.40219.1
Project("{FAE04EC0-301F-11D3-BF4B-00C04F79EFBC}") = "LayoutViewOrMasterPageInAsp.NetMVC", "LayoutViewOrMasterPageInAsp.NetMVC.csproj", "{EF0FD5D0-1710-49FC-AA07-C9A4F55AAACC}"
EndProject
Global
	GlobalSection(SolutionConfigurationPlatforms) = preSolution
		Debug|Any CPU = Debug|Any CPU
		Release|Any CPU = Release|Any CPU
	EndGlobalSection
	GlobalSection(ProjectConfigurationPlatforms) = postSolution
		{EF0FD5D0-1710-49FC-AA07-C9A4F55AAACC}.Debug|Any CPU.ActiveCfg = Debug|Any CPU
		{EF0FD5D0-1710-49FC-AA07-C9A4F55AAACC}.Debug|Any CPU.Build.0 = Debug|Any CPU
		{EF0FD5D0-1710-49FC-AA07-C9A4F55AAACC}.Release|Any CPU.ActiveCfg = Release|Any CPU
		{EF0FD5D0-1710-49FC-AA07-C9A4F55AAACC}.Release|Any CPU.Build.0 = Release|Any CPU
	EndGlobalSection
	GlobalSection(SolutionProperties) = preSolution
		HideSolutionNode = FALSE
	EndGlobalSection
	GlobalSection(ExtensibilityGlobals) = postSolution
		SolutionGuid = {45A0CD39-E0B5-45BA-9129-3C8695664D55}
	EndGlobalSection
EndGlobal
