
Microsoft Visual Studio Solution File, Format Version 12.00
# Visual Studio Version 16
VisualStudioVersion = 16.0.30011.22
MinimumVisualStudioVersion = 10.0.40219.1
Project("{FAE04EC0-301F-11D3-BF4B-00C04F79EFBC}") = "CookiesDemo", "CookiesDemo\CookiesDemo.csproj", "{ACB71E74-5553-4315-B3B5-A56D4AD579A8}"
EndProject
Global
	GlobalSection(SolutionConfigurationPlatforms) = preSolution
		Debug|Any CPU = Debug|Any CPU
		Release|Any CPU = Release|Any CPU
	EndGlobalSection
	GlobalSection(ProjectConfigurationPlatforms) = postSolution
		{ACB71E74-5553-4315-B3B5-A56D4AD579A8}.Debug|Any CPU.ActiveCfg = Debug|Any CPU
		{ACB71E74-5553-4315-B3B5-A56D4AD579A8}.Debug|Any CPU.Build.0 = Debug|Any CPU
		{ACB71E74-5553-4315-B3B5-A56D4AD579A8}.Release|Any CPU.ActiveCfg = Release|Any CPU
		{ACB71E74-5553-4315-B3B5-A56D4AD579A8}.Release|Any CPU.Build.0 = Release|Any CPU
	EndGlobalSection
	GlobalSection(SolutionProperties) = preSolution
		HideSolutionNode = FALSE
	EndGlobalSection
	GlobalSection(ExtensibilityGlobals) = postSolution
		SolutionGuid = {B43B96F7-EFED-4F28-BD4F-1B11268F5778}
	EndGlobalSection
EndGlobal
