
Microsoft Visual Studio Solution File, Format Version 12.00
# Visual Studio Version 16
VisualStudioVersion = 16.0.30011.22
MinimumVisualStudioVersion = 10.0.40219.1
Project("{FAE04EC0-301F-11D3-BF4B-00C04F79EFBC}") = "OutputCacheFilter", "OutputCacheFilter\OutputCacheFilter.csproj", "{A9F76E5E-DF9B-4D07-B1DE-0E556CE6400F}"
EndProject
Global
	GlobalSection(SolutionConfigurationPlatforms) = preSolution
		Debug|Any CPU = Debug|Any CPU
		Release|Any CPU = Release|Any CPU
	EndGlobalSection
	GlobalSection(ProjectConfigurationPlatforms) = postSolution
		{A9F76E5E-DF9B-4D07-B1DE-0E556CE6400F}.Debug|Any CPU.ActiveCfg = Debug|Any CPU
		{A9F76E5E-DF9B-4D07-B1DE-0E556CE6400F}.Debug|Any CPU.Build.0 = Debug|Any CPU
		{A9F76E5E-DF9B-4D07-B1DE-0E556CE6400F}.Release|Any CPU.ActiveCfg = Release|Any CPU
		{A9F76E5E-DF9B-4D07-B1DE-0E556CE6400F}.Release|Any CPU.Build.0 = Release|Any CPU
	EndGlobalSection
	GlobalSection(SolutionProperties) = preSolution
		HideSolutionNode = FALSE
	EndGlobalSection
	GlobalSection(ExtensibilityGlobals) = postSolution
		SolutionGuid = {A08DC572-E845-49C5-B804-EB8B8BCABAF3}
	EndGlobalSection
EndGlobal
