
Microsoft Visual Studio Solution File, Format Version 12.00
# Visual Studio Version 16
VisualStudioVersion = 16.0.30011.22
MinimumVisualStudioVersion = 10.0.40219.1
Project("{FAE04EC0-301F-11D3-BF4B-00C04F79EFBC}") = "AutomaticlyCreatedDbFirst", "AutomaticlyCreatedDbFirst\AutomaticlyCreatedDbFirst.csproj", "{12772342-38E1-4226-A6DD-1E50D4B2D017}"
EndProject
Global
	GlobalSection(SolutionConfigurationPlatforms) = preSolution
		Debug|Any CPU = Debug|Any CPU
		Release|Any CPU = Release|Any CPU
	EndGlobalSection
	GlobalSection(ProjectConfigurationPlatforms) = postSolution
		{12772342-38E1-4226-A6DD-1E50D4B2D017}.Debug|Any CPU.ActiveCfg = Debug|Any CPU
		{12772342-38E1-4226-A6DD-1E50D4B2D017}.Debug|Any CPU.Build.0 = Debug|Any CPU
		{12772342-38E1-4226-A6DD-1E50D4B2D017}.Release|Any CPU.ActiveCfg = Release|Any CPU
		{12772342-38E1-4226-A6DD-1E50D4B2D017}.Release|Any CPU.Build.0 = Release|Any CPU
	EndGlobalSection
	GlobalSection(SolutionProperties) = preSolution
		HideSolutionNode = FALSE
	EndGlobalSection
	GlobalSection(ExtensibilityGlobals) = postSolution
		SolutionGuid = {601D0791-D02A-445A-85A7-50731EDEAFF3}
	EndGlobalSection
EndGlobal
