
Microsoft Visual Studio Solution File, Format Version 12.00
# Visual Studio Version 16
VisualStudioVersion = 16.0.30011.22
MinimumVisualStudioVersion = 10.0.40219.1
Project("{FAE04EC0-301F-11D3-BF4B-00C04F79EFBC}") = "PartialViewInMVC", "PartialViewInMVC\PartialViewInMVC.csproj", "{305C460B-8403-4793-B64F-ABECD1BFC36A}"
EndProject
Global
	GlobalSection(SolutionConfigurationPlatforms) = preSolution
		Debug|Any CPU = Debug|Any CPU
		Release|Any CPU = Release|Any CPU
	EndGlobalSection
	GlobalSection(ProjectConfigurationPlatforms) = postSolution
		{305C460B-8403-4793-B64F-ABECD1BFC36A}.Debug|Any CPU.ActiveCfg = Debug|Any CPU
		{305C460B-8403-4793-B64F-ABECD1BFC36A}.Debug|Any CPU.Build.0 = Debug|Any CPU
		{305C460B-8403-4793-B64F-ABECD1BFC36A}.Release|Any CPU.ActiveCfg = Release|Any CPU
		{305C460B-8403-4793-B64F-ABECD1BFC36A}.Release|Any CPU.Build.0 = Release|Any CPU
	EndGlobalSection
	GlobalSection(SolutionProperties) = preSolution
		HideSolutionNode = FALSE
	EndGlobalSection
	GlobalSection(ExtensibilityGlobals) = postSolution
		SolutionGuid = {665445AC-2ABD-4EEA-9515-40150E7A695C}
	EndGlobalSection
EndGlobal
