
Microsoft Visual Studio Solution File, Format Version 12.00
# Visual Studio Version 16
VisualStudioVersion = 16.0.29519.181
MinimumVisualStudioVersion = 10.0.40219.1
Project("{FAE04EC0-301F-11D3-BF4B-00C04F79EFBC}") = "LoginFormsWithAuthentication", "LoginFormsWithAuthentication\LoginFormsWithAuthentication.csproj", "{13A7D0B5-24F9-45E6-B279-98F2F7B5E006}"
EndProject
Global
	GlobalSection(SolutionConfigurationPlatforms) = preSolution
		Debug|Any CPU = Debug|Any CPU
		Release|Any CPU = Release|Any CPU
	EndGlobalSection
	GlobalSection(ProjectConfigurationPlatforms) = postSolution
		{13A7D0B5-24F9-45E6-B279-98F2F7B5E006}.Debug|Any CPU.ActiveCfg = Debug|Any CPU
		{13A7D0B5-24F9-45E6-B279-98F2F7B5E006}.Debug|Any CPU.Build.0 = Debug|Any CPU
		{13A7D0B5-24F9-45E6-B279-98F2F7B5E006}.Release|Any CPU.ActiveCfg = Release|Any CPU
		{13A7D0B5-24F9-45E6-B279-98F2F7B5E006}.Release|Any CPU.Build.0 = Release|Any CPU
	EndGlobalSection
	GlobalSection(SolutionProperties) = preSolution
		HideSolutionNode = FALSE
	EndGlobalSection
	GlobalSection(ExtensibilityGlobals) = postSolution
		SolutionGuid = {C0144A41-11B0-4C55-BAEC-99B7B7981B86}
	EndGlobalSection
EndGlobal
