
Microsoft Visual Studio Solution File, Format Version 12.00
# Visual Studio Version 16
VisualStudioVersion = 16.0.29519.161
MinimumVisualStudioVersion = 10.0.40219.1
Project("{FAE04EC0-301F-11D3-BF4B-00C04F79EFBC}") = "StronglyTypedHtmlInAsp.NetMVC", "StronglyTypedHtmlInAsp.NetMVC.csproj", "{F5F4BB2E-023D-4B1B-BD2B-E410D052A54C}"
EndProject
Global
	GlobalSection(SolutionConfigurationPlatforms) = preSolution
		Debug|Any CPU = Debug|Any CPU
		Release|Any CPU = Release|Any CPU
	EndGlobalSection
	GlobalSection(ProjectConfigurationPlatforms) = postSolution
		{F5F4BB2E-023D-4B1B-BD2B-E410D052A54C}.Debug|Any CPU.ActiveCfg = Debug|Any CPU
		{F5F4BB2E-023D-4B1B-BD2B-E410D052A54C}.Debug|Any CPU.Build.0 = Debug|Any CPU
		{F5F4BB2E-023D-4B1B-BD2B-E410D052A54C}.Release|Any CPU.ActiveCfg = Release|Any CPU
		{F5F4BB2E-023D-4B1B-BD2B-E410D052A54C}.Release|Any CPU.Build.0 = Release|Any CPU
	EndGlobalSection
	GlobalSection(SolutionProperties) = preSolution
		HideSolutionNode = FALSE
	EndGlobalSection
	GlobalSection(ExtensibilityGlobals) = postSolution
		SolutionGuid = {69D7CC2E-1F5A-44A9-AE9F-75D13D4074A9}
	EndGlobalSection
EndGlobal
