
Microsoft Visual Studio Solution File, Format Version 12.00
# Visual Studio Version 16
VisualStudioVersion = 16.0.30011.22
MinimumVisualStudioVersion = 10.0.40219.1
Project("{FAE04EC0-301F-11D3-BF4B-00C04F79EFBC}") = "CrudApplication", "CrudApplication\CrudApplication.csproj", "{57505AC5-A512-4CE4-A8C7-FD1E9FAF6741}"
EndProject
Global
	GlobalSection(SolutionConfigurationPlatforms) = preSolution
		Debug|Any CPU = Debug|Any CPU
		Release|Any CPU = Release|Any CPU
	EndGlobalSection
	GlobalSection(ProjectConfigurationPlatforms) = postSolution
		{57505AC5-A512-4CE4-A8C7-FD1E9FAF6741}.Debug|Any CPU.ActiveCfg = Debug|Any CPU
		{57505AC5-A512-4CE4-A8C7-FD1E9FAF6741}.Debug|Any CPU.Build.0 = Debug|Any CPU
		{57505AC5-A512-4CE4-A8C7-FD1E9FAF6741}.Release|Any CPU.ActiveCfg = Release|Any CPU
		{57505AC5-A512-4CE4-A8C7-FD1E9FAF6741}.Release|Any CPU.Build.0 = Release|Any CPU
	EndGlobalSection
	GlobalSection(SolutionProperties) = preSolution
		HideSolutionNode = FALSE
	EndGlobalSection
	GlobalSection(ExtensibilityGlobals) = postSolution
		SolutionGuid = {AA411E28-1B65-4E9A-A66C-E1AC314E6863}
	EndGlobalSection
EndGlobal
