
Microsoft Visual Studio Solution File, Format Version 12.00
# Visual Studio Version 16
VisualStudioVersion = 16.0.29609.76
MinimumVisualStudioVersion = 10.0.40219.1
Project("{FAE04EC0-301F-11D3-BF4B-00C04F79EFBC}") = "MasterDetailsInMVC", "MasterDetailsInMVC\MasterDetailsInMVC.csproj", "{7A75F5C2-D387-408E-8745-17C340C45F05}"
EndProject
Global
	GlobalSection(SolutionConfigurationPlatforms) = preSolution
		Debug|Any CPU = Debug|Any CPU
		Release|Any CPU = Release|Any CPU
	EndGlobalSection
	GlobalSection(ProjectConfigurationPlatforms) = postSolution
		{7A75F5C2-D387-408E-8745-17C340C45F05}.Debug|Any CPU.ActiveCfg = Debug|Any CPU
		{7A75F5C2-D387-408E-8745-17C340C45F05}.Debug|Any CPU.Build.0 = Debug|Any CPU
		{7A75F5C2-D387-408E-8745-17C340C45F05}.Release|Any CPU.ActiveCfg = Release|Any CPU
		{7A75F5C2-D387-408E-8745-17C340C45F05}.Release|Any CPU.Build.0 = Release|Any CPU
	EndGlobalSection
	GlobalSection(SolutionProperties) = preSolution
		HideSolutionNode = FALSE
	EndGlobalSection
	GlobalSection(ExtensibilityGlobals) = postSolution
		SolutionGuid = {C54BC392-AADC-43A4-AA3A-6B3FAF234093}
	EndGlobalSection
EndGlobal
