
Microsoft Visual Studio Solution File, Format Version 12.00
# Visual Studio Version 16
VisualStudioVersion = 16.0.29519.161
MinimumVisualStudioVersion = 10.0.40219.1
Project("{FAE04EC0-301F-11D3-BF4B-00C04F79EFBC}") = "ViewDataDemo", "ViewDataDemo.csproj", "{0B01420F-FCDF-4003-8C86-7C5B4113F00E}"
EndProject
Global
	GlobalSection(SolutionConfigurationPlatforms) = preSolution
		Debug|Any CPU = Debug|Any CPU
		Release|Any CPU = Release|Any CPU
	EndGlobalSection
	GlobalSection(ProjectConfigurationPlatforms) = postSolution
		{0B01420F-FCDF-4003-8C86-7C5B4113F00E}.Debug|Any CPU.ActiveCfg = Debug|Any CPU
		{0B01420F-FCDF-4003-8C86-7C5B4113F00E}.Debug|Any CPU.Build.0 = Debug|Any CPU
		{0B01420F-FCDF-4003-8C86-7C5B4113F00E}.Release|Any CPU.ActiveCfg = Release|Any CPU
		{0B01420F-FCDF-4003-8C86-7C5B4113F00E}.Release|Any CPU.Build.0 = Release|Any CPU
	EndGlobalSection
	GlobalSection(SolutionProperties) = preSolution
		HideSolutionNode = FALSE
	EndGlobalSection
	GlobalSection(ExtensibilityGlobals) = postSolution
		SolutionGuid = {BB774A98-F13A-4FC0-B1EA-9E9FC5FC6C63}
	EndGlobalSection
EndGlobal
