
Microsoft Visual Studio Solution File, Format Version 12.00
# Visual Studio Version 16
VisualStudioVersion = 16.0.30011.22
MinimumVisualStudioVersion = 10.0.40219.1
Project("{FAE04EC0-301F-11D3-BF4B-00C04F79EFBC}") = "ValidationMessageSummary", "ValidationMessageSummary\ValidationMessageSummary.csproj", "{FAAE0BBE-F13E-4FD1-9309-39FE2FB83124}"
EndProject
Global
	GlobalSection(SolutionConfigurationPlatforms) = preSolution
		Debug|Any CPU = Debug|Any CPU
		Release|Any CPU = Release|Any CPU
	EndGlobalSection
	GlobalSection(ProjectConfigurationPlatforms) = postSolution
		{FAAE0BBE-F13E-4FD1-9309-39FE2FB83124}.Debug|Any CPU.ActiveCfg = Debug|Any CPU
		{FAAE0BBE-F13E-4FD1-9309-39FE2FB83124}.Debug|Any CPU.Build.0 = Debug|Any CPU
		{FAAE0BBE-F13E-4FD1-9309-39FE2FB83124}.Release|Any CPU.ActiveCfg = Release|Any CPU
		{FAAE0BBE-F13E-4FD1-9309-39FE2FB83124}.Release|Any CPU.Build.0 = Release|Any CPU
	EndGlobalSection
	GlobalSection(SolutionProperties) = preSolution
		HideSolutionNode = FALSE
	EndGlobalSection
	GlobalSection(ExtensibilityGlobals) = postSolution
		SolutionGuid = {58F6E727-AB42-467E-A86C-0C701958F918}
	EndGlobalSection
EndGlobal
