
Microsoft Visual Studio Solution File, Format Version 12.00
# Visual Studio Version 16
VisualStudioVersion = 16.0.30011.22
MinimumVisualStudioVersion = 10.0.40219.1
Project("{FAE04EC0-301F-11D3-BF4B-00C04F79EFBC}") = "StronglyTypedViewInMVC", "StronglyTypedViewInMVC\StronglyTypedViewInMVC.csproj", "{5E053450-4E81-4514-9F37-B1F3E86E2CBB}"
EndProject
Global
	GlobalSection(SolutionConfigurationPlatforms) = preSolution
		Debug|Any CPU = Debug|Any CPU
		Release|Any CPU = Release|Any CPU
	EndGlobalSection
	GlobalSection(ProjectConfigurationPlatforms) = postSolution
		{5E053450-4E81-4514-9F37-B1F3E86E2CBB}.Debug|Any CPU.ActiveCfg = Debug|Any CPU
		{5E053450-4E81-4514-9F37-B1F3E86E2CBB}.Debug|Any CPU.Build.0 = Debug|Any CPU
		{5E053450-4E81-4514-9F37-B1F3E86E2CBB}.Release|Any CPU.ActiveCfg = Release|Any CPU
		{5E053450-4E81-4514-9F37-B1F3E86E2CBB}.Release|Any CPU.Build.0 = Release|Any CPU
	EndGlobalSection
	GlobalSection(SolutionProperties) = preSolution
		HideSolutionNode = FALSE
	EndGlobalSection
	GlobalSection(ExtensibilityGlobals) = postSolution
		SolutionGuid = {E95563BD-4D67-4006-ACCF-9491BBA874AC}
	EndGlobalSection
EndGlobal
