
Microsoft Visual Studio Solution File, Format Version 12.00
# Visual Studio Version 16
VisualStudioVersion = 16.0.29519.181
MinimumVisualStudioVersion = 10.0.40219.1
Project("{FAE04EC0-301F-11D3-BF4B-00C04F79EFBC}") = "ResultFilters_OutputCacheFilterInMVC", "ResultFilters_OutputCacheFilterInMVC\ResultFilters_OutputCacheFilterInMVC.csproj", "{6154A391-4DCE-4E22-A957-26ED7DB3282B}"
EndProject
Global
	GlobalSection(SolutionConfigurationPlatforms) = preSolution
		Debug|Any CPU = Debug|Any CPU
		Release|Any CPU = Release|Any CPU
	EndGlobalSection
	GlobalSection(ProjectConfigurationPlatforms) = postSolution
		{6154A391-4DCE-4E22-A957-26ED7DB3282B}.Debug|Any CPU.ActiveCfg = Debug|Any CPU
		{6154A391-4DCE-4E22-A957-26ED7DB3282B}.Debug|Any CPU.Build.0 = Debug|Any CPU
		{6154A391-4DCE-4E22-A957-26ED7DB3282B}.Release|Any CPU.ActiveCfg = Release|Any CPU
		{6154A391-4DCE-4E22-A957-26ED7DB3282B}.Release|Any CPU.Build.0 = Release|Any CPU
	EndGlobalSection
	GlobalSection(SolutionProperties) = preSolution
		HideSolutionNode = FALSE
	EndGlobalSection
	GlobalSection(ExtensibilityGlobals) = postSolution
		SolutionGuid = {17E50B17-AD71-4109-8400-938BDC5C2445}
	EndGlobalSection
EndGlobal
